
Microsoft Visual Studio Solution File, Format Version 12.00
# Visual Studio Version 17
VisualStudioVersion = 17.3.32922.545
MinimumVisualStudioVersion = 10.0.40219.1
Project("{9A19103F-16F7-4668-BE54-9A1E7A4F7556}") = "blazorWASM_ToDoList", "blazorWASM_ToDoList.csproj", "{045AFB63-7A62-4E27-992C-E79480F02059}"
EndProject
Global
	GlobalSection(SolutionConfigurationPlatforms) = preSolution
		Debug|Any CPU = Debug|Any CPU
		Release|Any CPU = Release|Any CPU
	EndGlobalSection
	GlobalSection(ProjectConfigurationPlatforms) = postSolution
		{045AFB63-7A62-4E27-992C-E79480F02059}.Debug|Any CPU.ActiveCfg = Debug|Any CPU
		{045AFB63-7A62-4E27-992C-E79480F02059}.Debug|Any CPU.Build.0 = Debug|Any CPU
		{045AFB63-7A62-4E27-992C-E79480F02059}.Release|Any CPU.ActiveCfg = Release|Any CPU
		{045AFB63-7A62-4E27-992C-E79480F02059}.Release|Any CPU.Build.0 = Release|Any CPU
	EndGlobalSection
	GlobalSection(SolutionProperties) = preSolution
		HideSolutionNode = FALSE
	EndGlobalSection
	GlobalSection(ExtensibilityGlobals) = postSolution
		SolutionGuid = {7587CECA-6C6B-45B6-815B-A2E915BD1ECB}
	EndGlobalSection
EndGlobal
